
Microsoft Visual Studio Solution File, Format Version 12.00
# Visual Studio Version 16
VisualStudioVersion = 16.0.30523.141
MinimumVisualStudioVersion = 10.0.40219.1
Project("{FAE04EC0-301F-11D3-BF4B-00C04F79EFBC}") = "ConsoleApp1", "ConsoleApp1.csproj", "{B29070C8-0417-40DD-9A3C-EFA12453D253}"
EndProject
Global
	GlobalSection(SolutionConfigurationPlatforms) = preSolution
		Debug|Any CPU = Debug|Any CPU
		Release|Any CPU = Release|Any CPU
	EndGlobalSection
	GlobalSection(ProjectConfigurationPlatforms) = postSolution
		{B29070C8-0417-40DD-9A3C-EFA12453D253}.Debug|Any CPU.ActiveCfg = Debug|Any CPU
		{B29070C8-0417-40DD-9A3C-EFA12453D253}.Debug|Any CPU.Build.0 = Debug|Any CPU
		{B29070C8-0417-40DD-9A3C-EFA12453D253}.Release|Any CPU.ActiveCfg = Release|Any CPU
		{B29070C8-0417-40DD-9A3C-EFA12453D253}.Release|Any CPU.Build.0 = Release|Any CPU
	EndGlobalSection
	GlobalSection(SolutionProperties) = preSolution
		HideSolutionNode = FALSE
	EndGlobalSection
	GlobalSection(ExtensibilityGlobals) = postSolution
		SolutionGuid = {C438265D-AA67-4E81-9FE0-40A48E352DEA}
	EndGlobalSection
EndGlobal
